version = 1
revision = 2
requires-python = ">=3.12"

[[package]]
name = "pathvalidate"
version = "3.3.1"
source = { registry = "https://pypi.org/simple" }
sdist = { url = "https://files.pythonhosted.org/packages/fa/2a/52a8da6fe965dea6192eb716b357558e103aea0a1e9a8352ad575a8406ca/pathvalidate-3.3.1.tar.gz", hash = "sha256:b18c07212bfead624345bb8e1d6141cdcf15a39736994ea0b94035ad2b1ba177", size = 63262, upload-time = "2025-06-15T09:07:20.736Z" }
wheels = [
    { url = "https://files.pythonhosted.org/packages/9a/70/875f4a23bfc4731703a5835487d0d2fb999031bd415e7d17c0ae615c18b7/pathvalidate-3.3.1-py3-none-any.whl", hash = "sha256:5263baab691f8e1af96092fa5137ee17df5bdfbd6cff1fcac4d6ef4bc2e1735f", size = 24305, upload-time = "2025-06-15T09:07:19.117Z" },
]

[[package]]
name = "ty"
version = "0.0.1a11"
source = { registry = "https://pypi.org/simple" }
sdist = { url = "https://files.pythonhosted.org/packages/56/3b/380aac9f11adb81d9d0541f780cd4f15a189bd4ed47fe9412a282710a29c/ty-0.0.1a11.tar.gz", hash = "sha256:232aac69111c0fdb7e1fab70c5b57e93826ffe89b7f80bf8dbd512da23038959", size = 3093324, upload-time = "2025-06-17T20:50:11.518Z" }
wheels = [
    { url = "https://files.pythonhosted.org/packages/ea/e5/1d5120c45a4e21bdf421959f3ed52005e339cbcd034db390ada972cf2d69/ty-0.0.1a11-py3-none-linux_armv6l.whl", hash = "sha256:688f6f2c3fe46022bfcce1d1d9ff4734c18731c3cc4c897a5221c166c1214b8a", size = 6672838, upload-time = "2025-06-17T20:49:47.152Z" },
    { url = "https://files.pythonhosted.org/packages/73/b7/ae6a66e02fc7ea96fd4b00e15fcaa8b3b19842bf7a254bcb7212db9220e9/ty-0.0.1a11-py3-none-macosx_10_12_x86_64.whl", hash = "sha256:f0382596c7f2ca90ddf4f44dd6597e8c82a8c21089a3d49abaa892ed233c871f", size = 6776573, upload-time = "2025-06-17T20:49:48.999Z" },
    { url = "https://files.pythonhosted.org/packages/d4/58/5283473e84207f2cdc19ee97e49c55fc0104b14a085565ff82950783e6d5/ty-0.0.1a11-py3-none-macosx_11_0_arm64.whl", hash = "sha256:c76a79546ab3aef3cb31360c5e0c928d086baffeac38bacae67c3f2f4228acb7", size = 6421784, upload-time = "2025-06-17T20:49:50.294Z" },
    { url = "https://files.pythonhosted.org/packages/3a/1e/4d6806028300034eb54c97a99d59ecbbad98eca3c0f33d8e8836d8bf1b88/ty-0.0.1a11-py3-none-manylinux_2_17_aarch64.manylinux2014_aarch64.whl", hash = "sha256:2ff7d3cd78e3ea58022087420273907a8fd370a5311d412a3197ef127076f3f7", size = 6551214, upload-time = "2025-06-17T20:49:51.952Z" },
    { url = "https://files.pythonhosted.org/packages/10/15/661fbdf3cb2d5274922b3805bc8e14763a3dd80f96d502396667e64a908f/ty-0.0.1a11-py3-none-manylinux_2_17_armv7l.manylinux2014_armv7l.whl", hash = "sha256:07ec67e81b1e49e55c89ccba15b79c14d501eb20f89f063c64db6a2d1ab26559", size = 6528476, upload-time = "2025-06-17T20:49:53.215Z" },
    { url = "https://files.pythonhosted.org/packages/a9/2a/49407ec853f35c8682675631dfc32ccf6e9228002b0763c0dad39d899ced/ty-0.0.1a11-py3-none-manylinux_2_17_i686.manylinux2014_i686.whl", hash = "sha256:0ba48cf6542cc6e390965f347f643f427b3cca2968bc359eb5360e073b2b4778", size = 7298269, upload-time = "2025-06-17T20:49:54.513Z" },
    { url = "https://files.pythonhosted.org/packages/6f/33/89fd6c901ec0594db4db80750675f4daff5d2392b92f48502df134ed096b/ty-0.0.1a11-py3-none-manylinux_2_17_ppc64.manylinux2014_ppc64.whl", hash = "sha256:ca1c129de24023747b8a4fdab243024c2fef4e686b0a2295366a3f23effec787", size = 7736950, upload-time = "2025-06-17T20:49:56.134Z" },
    { url = "https://files.pythonhosted.org/packages/c6/07/31d49574e078323672b6d1c33a5b8d3a5f4a13bc5d7a28d98d608e63a17b/ty-0.0.1a11-py3-none-manylinux_2_17_ppc64le.manylinux2014_ppc64le.whl", hash = "sha256:8a7858b1dfb1fc29a967b5c50e1419f68dae651c84d0b1acd2238e325f64f9a0", size = 7399246, upload-time = "2025-06-17T20:49:57.888Z" },
    { url = "https://files.pythonhosted.org/packages/8e/73/bc6e292b67bfac2165fd55065b14c170c9c7e6e5cdd40aa5d4009eac3daa/ty-0.0.1a11-py3-none-manylinux_2_17_s390x.manylinux2014_s390x.whl", hash = "sha256:e817140b2b84574e2897fd351afc63164608f8f04b07d79715401057ecbd9429", size = 7269760, upload-time = "2025-06-17T20:49:59.182Z" },
    { url = "https://files.pythonhosted.org/packages/55/35/9d20c4d3f063d90408df09c911810654d152651437377dc22bce1e68f44e/ty-0.0.1a11-py3-none-manylinux_2_17_x86_64.manylinux2014_x86_64.whl", hash = "sha256:4dd3b467fcbab99de34f481156f7d1900ea6ac33d76b60468e2bb341578a5df8", size = 7078872, upload-time = "2025-06-17T20:50:00.592Z" },
    { url = "https://files.pythonhosted.org/packages/53/12/fd87a7e475864c96b342856b76c9b5b6ef20febc05c3fc6b368e0f341990/ty-0.0.1a11-py3-none-musllinux_1_2_aarch64.whl", hash = "sha256:185877c46758df556f82deacd549842d5e61bb358f7814a98bb26ffd1abada78", size = 6453963, upload-time = "2025-06-17T20:50:01.979Z" },
    { url = "https://files.pythonhosted.org/packages/c7/b7/7c6707adbe049d7b27c525f97030f296e2a0e3c34f70c043683d27f152d6/ty-0.0.1a11-py3-none-musllinux_1_2_armv7l.whl", hash = "sha256:9bb86aa3dd3b6b736ab5faefc12f9a9f2a01278937725e71f4d623a0cc6d6dbf", size = 6549616, upload-time = "2025-06-17T20:50:03.237Z" },
    { url = "https://files.pythonhosted.org/packages/63/dd/266af511b66842670ae9a8ef7d8b62142a6abdaffea5bf7f96f6edafddd9/ty-0.0.1a11-py3-none-musllinux_1_2_i686.whl", hash = "sha256:94f44f5d536d3b59764412caae6fd0b89b5516a091e0a9229c92067658b4157e", size = 6959876, upload-time = "2025-06-17T20:50:04.678Z" },
    { url = "https://files.pythonhosted.org/packages/81/53/e627a994da039b7a8c653b168424ebfbd6757ece74dce436fbb2e8ad6acb/ty-0.0.1a11-py3-none-musllinux_1_2_x86_64.whl", hash = "sha256:d68d9f7d960669f66387b8a855577fb16e10b6ae598d5a95324fcbb84d109a92", size = 7142868, upload-time = "2025-06-17T20:50:05.94Z" },
    { url = "https://files.pythonhosted.org/packages/e6/54/6bbcc8f3cc81240728cd9d123b5123775405d5716bd7d69cfdd338c09a5e/ty-0.0.1a11-py3-none-win32.whl", hash = "sha256:16c518b33cdea30de29d043a21ab2740fa97346c96ac9dca4cd1e7f8762d56cd", size = 6326293, upload-time = "2025-06-17T20:50:07.257Z" },
    { url = "https://files.pythonhosted.org/packages/c8/f7/a50edfc886bb626370fbdf27b7c7d9e19802dcd7d42029ae69343dc69ec6/ty-0.0.1a11-py3-none-win_amd64.whl", hash = "sha256:6c5e7f6fc6217d1acb264fcd8d696da131237bee38dc51feac25f345e88efa2f", size = 6909121, upload-time = "2025-06-17T20:50:08.807Z" },
    { url = "https://files.pythonhosted.org/packages/0e/18/25b3651767c5017c431b0c7e7acacef46b1f02bd3043ce18b89c7526adcf/ty-0.0.1a11-py3-none-win_arm64.whl", hash = "sha256:732736545bbdc021eed68fd0c665f974b4d2fe275fe9bdafea5a68522f7e3f64", size = 6520239, upload-time = "2025-06-17T20:50:10.23Z" },
]

[[package]]
name = "warmwalrus"
version = "0.1.0"
source = { editable = "." }
dependencies = [
    { name = "pathvalidate" },
]

[package.dev-dependencies]
dev = [
    { name = "ty" },
]

[package.metadata]
requires-dist = [{ name = "pathvalidate" }]

[package.metadata.requires-dev]
dev = [{ name = "ty", specifier = ">=0.0.1a11" }]
